
Microsoft Visual Studio Solution File, Format Version 12.00
# Visual Studio Version 16
VisualStudioVersion = 16.0.32428.217
MinimumVisualStudioVersion = 10.0.40219.1
Project("{FAE04EC0-301F-11D3-BF4B-00C04F79EFBC}") = "OpticalSwitchGUI", "OpticalSwitchGUI\OpticalSwitchGUI.csproj", "{9C1FAD2C-3B7C-49B6-9EEA-8FA94FF04D5C}"
EndProject
Global
	GlobalSection(SolutionConfigurationPlatforms) = preSolution
		Debug|Any CPU = Debug|Any CPU
		Release|Any CPU = Release|Any CPU
	EndGlobalSection
	GlobalSection(ProjectConfigurationPlatforms) = postSolution
		{9C1FAD2C-3B7C-49B6-9EEA-8FA94FF04D5C}.Debug|Any CPU.ActiveCfg = Debug|Any CPU
		{9C1FAD2C-3B7C-49B6-9EEA-8FA94FF04D5C}.Debug|Any CPU.Build.0 = Debug|Any CPU
		{9C1FAD2C-3B7C-49B6-9EEA-8FA94FF04D5C}.Release|Any CPU.ActiveCfg = Release|Any CPU
		{9C1FAD2C-3B7C-49B6-9EEA-8FA94FF04D5C}.Release|Any CPU.Build.0 = Release|Any CPU
	EndGlobalSection
	GlobalSection(SolutionProperties) = preSolution
		HideSolutionNode = FALSE
	EndGlobalSection
	GlobalSection(ExtensibilityGlobals) = postSolution
		SolutionGuid = {01928501-31B0-4353-8601-765CE34CF1D2}
	EndGlobalSection
EndGlobal
